
Microsoft Visual Studio Solution File, Format Version 12.00
# Visual Studio 14
VisualStudioVersion = 14.0.25420.1
MinimumVisualStudioVersion = 10.0.40219.1
Project("{FAE04EC0-301F-11D3-BF4B-00C04F79EFBC}") = "RESTapp", "RESTapp\RESTapp.csproj", "{C499642F-2BB3-47B7-91F7-2AF37C76C725}"
EndProject
Project("{FAE04EC0-301F-11D3-BF4B-00C04F79EFBC}") = "RESTapp.Tests", "RESTapp.Tests\RESTapp.Tests.csproj", "{D3F6A86B-37F4-4051-A63C-89DC2AA1D2EB}"
EndProject
Global
	GlobalSection(SolutionConfigurationPlatforms) = preSolution
		Debug|Any CPU = Debug|Any CPU
		Release|Any CPU = Release|Any CPU
	EndGlobalSection
	GlobalSection(ProjectConfigurationPlatforms) = postSolution
		{C499642F-2BB3-47B7-91F7-2AF37C76C725}.Debug|Any CPU.ActiveCfg = Debug|Any CPU
		{C499642F-2BB3-47B7-91F7-2AF37C76C725}.Debug|Any CPU.Build.0 = Debug|Any CPU
		{C499642F-2BB3-47B7-91F7-2AF37C76C725}.Release|Any CPU.ActiveCfg = Release|Any CPU
		{C499642F-2BB3-47B7-91F7-2AF37C76C725}.Release|Any CPU.Build.0 = Release|Any CPU
		{D3F6A86B-37F4-4051-A63C-89DC2AA1D2EB}.Debug|Any CPU.ActiveCfg = Debug|Any CPU
		{D3F6A86B-37F4-4051-A63C-89DC2AA1D2EB}.Debug|Any CPU.Build.0 = Debug|Any CPU
		{D3F6A86B-37F4-4051-A63C-89DC2AA1D2EB}.Release|Any CPU.ActiveCfg = Release|Any CPU
		{D3F6A86B-37F4-4051-A63C-89DC2AA1D2EB}.Release|Any CPU.Build.0 = Release|Any CPU
	EndGlobalSection
	GlobalSection(SolutionProperties) = preSolution
		HideSolutionNode = FALSE
	EndGlobalSection
EndGlobal
